<?xml version="1.0" encoding="utf-8"?>
<Project ToolsVersion="4.0" xmlns="http://schemas.microsoft.com/developer/msbuild/2003">
  <ItemGroup>
    <Filter Include="aiva">
      <UniqueIdentifier>{860E947C-7245-950D-1B32-7B100748110F}</UniqueIdentifier>
    </Filter>
  </ItemGroup>
  <ItemGroup>
    <ClInclude Include="src\aiva\assert.hpp">
      <Filter>aiva</Filter>
    </ClInclude>
    <ClInclude Include="src\aiva\engine.hpp">
      <Filter>aiva</Filter>
    </ClInclude>
    <ClInclude Include="src\aiva\engine_object.hpp">
      <Filter>aiva</Filter>
    </ClInclude>
    <ClInclude Include="src\aiva\event_action_base.hpp">
      <Filter>aiva</Filter>
    </ClInclude>
    <ClInclude Include="src\aiva\event_action_read_only.hpp">
      <Filter>aiva</Filter>
    </ClInclude>
    <ClInclude Include="src\aiva\event_action_read_write.hpp">
      <Filter>aiva</Filter>
    </ClInclude>
    <ClInclude Include="src\aiva\graphic_hardware.hpp">
      <Filter>aiva</Filter>
    </ClInclude>
    <ClInclude Include="src\aiva\hardware_system.hpp">
      <Filter>aiva</Filter>
    </ClInclude>
    <ClInclude Include="src\aiva\implements.hpp">
      <Filter>aiva</Filter>
    </ClInclude>
    <ClInclude Include="src\aiva\init.hpp">
      <Filter>aiva</Filter>
    </ClInclude>
    <ClInclude Include="src\aiva\object.hpp">
      <Filter>aiva</Filter>
    </ClInclude>
    <ClInclude Include="src\aiva\time_system.hpp" />
    <ClInclude Include="src\aiva\graphic_conveyor.hpp" />
    <ClInclude Include="src\aiva\graphic_format.hpp" />
    <ClInclude Include="src\aiva\texture_2d_info.hpp" />
    <ClInclude Include="src\aiva\graphic_resource_state.hpp" />
    <ClInclude Include="src\aiva\graphic_resource.hpp" />
    <ClInclude Include="src\aiva\texture_2d.hpp" />
    <ClInclude Include="src\aiva\i_support_unordered_access.hpp" />
    <ClInclude Include="src\aiva\to_dxgi_format.hpp" />
    <ClInclude Include="src\aiva\to_graphic_format.hpp" />
    <ClInclude Include="src\aiva\d3d12_resource_desc_utils.hpp" />
  </ItemGroup>
  <ItemGroup>
    <ClCompile Include="src\aiva\assert.cpp">
      <Filter>aiva</Filter>
    </ClCompile>
    <ClCompile Include="src\aiva\engine.cpp">
      <Filter>aiva</Filter>
    </ClCompile>
    <ClCompile Include="src\aiva\engine_object.cpp">
      <Filter>aiva</Filter>
    </ClCompile>
    <ClCompile Include="src\aiva\graphic_hardware.cpp">
      <Filter>aiva</Filter>
    </ClCompile>
    <ClCompile Include="src\aiva\hardware_system.cpp">
      <Filter>aiva</Filter>
    </ClCompile>
    <ClCompile Include="src\aiva\init.cpp">
      <Filter>aiva</Filter>
    </ClCompile>
    <ClCompile Include="src\main.cpp" />
    <ClCompile Include="src\aiva\time_system.cpp" />
    <ClCompile Include="src\aiva\graphic_conveyor.cpp" />
    <ClCompile Include="src\aiva\texture_2d_info.cpp" />
    <ClCompile Include="src\aiva\graphic_resource_state.cpp" />
    <ClCompile Include="src\aiva\texture_2d.cpp" />
    <ClCompile Include="src\aiva\d3d12_resource_desc_utils.cpp" />
  </ItemGroup>
  <ItemGroup>
    <None Include="packages.config" />
  </ItemGroup>
</Project>