<?xml version="1.0" encoding="utf-8"?>
<Project ToolsVersion="4.0" xmlns="http://schemas.microsoft.com/developer/msbuild/2003">
  <ItemGroup>
    <ClCompile Include="pch.cpp" />
    <ClCompile Include="Sources\aiva\layer0\app.cpp" />
    <ClCompile Include="Sources\aiva\layer1\engine.cpp" />
    <ClCompile Include="Sources\aiva\layer1\gca_do_everything.cpp" />
    <ClCompile Include="Sources\aiva\layer1\graphic_executor.cpp" />
    <ClCompile Include="Sources\aiva\layer1\graphic_hardware.cpp" />
    <ClCompile Include="Sources\aiva\layer1\graphic_pipeline.cpp" />
    <ClCompile Include="Sources\aiva\layer2\world.cpp" />
    <ClCompile Include="Sources\main.cpp" />
    <ClCompile Include="Sources\aiva\layer2\scene_system.cpp" />
    <ClCompile Include="Sources\aiva\layer2\scene_actor.cpp" />
    <ClCompile Include="Sources\aiva\layer2\scene_component.cpp" />
    <ClCompile Include="Sources\aiva\layer1\resource_system.cpp" />
    <ClCompile Include="Sources\aiva\layer1\ro_shader_compute.cpp" />
    <ClCompile Include="Sources\aiva\layer1\ro_material_compute.cpp" />
    <ClCompile Include="Sources\aiva\utils\changes_counter.cpp" />
    <ClCompile Include="Sources\aiva\layer1\gca_dispatch.cpp" />
    <ClCompile Include="Sources\aiva\layer1\gr_texture_2d.cpp" />
    <ClCompile Include="Sources\aiva\layer1\e_gpu_resource_memory_type.cpp" />
    <ClCompile Include="Sources\aiva\layer1\e_gpu_resource_buffer_format.cpp" />
    <ClCompile Include="Sources\aiva\layer1\gr_buffer.cpp" />
    <ClCompile Include="Sources\aiva\utils\action_batcher.cpp" />
    <ClCompile Include="Sources\aiva\layer1\grv_rtv_to_texture_2d.cpp" />
    <ClCompile Include="Sources\aiva\layer1\grv_dsv_to_texture_2d.cpp" />
    <ClCompile Include="Sources\aiva\layer1\grv_srv_to_texture_2d.cpp" />
    <ClCompile Include="Sources\aiva\layer1\grv_uav_to_texture_2d.cpp" />
    <ClCompile Include="Sources\aiva\layer1\shader_struct.cpp" />
    <ClCompile Include="Sources\aiva\layer1\shader_buffer.cpp" />
    <ClCompile Include="Sources\aiva\layer1\grv_cbv_to_buffer.cpp" />
    <ClCompile Include="Sources\aiva\layer1\grv_uav_to_buffer.cpp" />
    <ClCompile Include="Sources\aiva\layer1\grv_srv_to_buffer.cpp" />
    <ClCompile Include="Sources\aiva\layer1\e_gpu_descriptor_heap_type.cpp" />
    <ClCompile Include="Sources\aiva\layer1\shader_resource_descriptor.cpp" />
    <ClCompile Include="Sources\aiva\layer1\e_gpu_resource_view_type.cpp" />
    <ClCompile Include="Sources\aiva\layer1\ro_material_graphic.cpp" />
    <ClCompile Include="Sources\aiva\layer1\ro_shader_fragment.cpp" />
    <ClCompile Include="Sources\aiva\layer1\ro_shader_vertex.cpp" />
  </ItemGroup>
  <ItemGroup>
    <ClInclude Include="pch.h" />
    <ClInclude Include="Sources\aiva\layer0\app.h" />
    <ClInclude Include="Sources\aiva\layer1\engine.h" />
    <ClInclude Include="Sources\aiva\layer1\gca_do_everything.h" />
    <ClInclude Include="Sources\aiva\layer1\graphic_executor.h" />
    <ClInclude Include="Sources\aiva\layer1\graphic_hardware.h" />
    <ClInclude Include="Sources\aiva\layer1\graphic_pipeline.h" />
    <ClInclude Include="Sources\aiva\layer1\i_graphic_command.h" />
    <ClInclude Include="Sources\aiva\layer1\i_graphic_command_async.h" />
    <ClInclude Include="Sources\aiva\layer1\i_graphic_command_sync.h" />
    <ClInclude Include="Sources\aiva\layer2\world.h" />
    <ClInclude Include="Sources\aiva\utils\asserts.h" />
    <ClInclude Include="Sources\aiva\utils\d3dx12.h" />
    <ClInclude Include="Sources\aiva\utils\ev_action.h" />
    <ClInclude Include="External Sources\tinyutf8\tinyutf8.h" />
    <ClInclude Include="Sources\aiva\layer2\scene_system.h" />
    <ClInclude Include="Sources\aiva\layer2\scene_actor.h" />
    <ClInclude Include="Sources\aiva\layer2\scene_component.h" />
    <ClInclude Include="Sources\aiva\layer1\resource_system.h" />
    <ClInclude Include="Sources\aiva\layer1\ro_shader_compute.h" />
    <ClInclude Include="Sources\aiva\layer1\i_cpu_resource.h" />
    <ClInclude Include="Sources\aiva\layer1\ro_material_compute.h" />
    <ClInclude Include="Sources\aiva\utils\changes_counter.h" />
    <ClInclude Include="Sources\aiva\layer1\gca_dispatch.h" />
    <ClInclude Include="Sources\aiva\utils\t_cache_refresh.h" />
    <ClInclude Include="Sources\aiva\utils\t_ev_action.h" />
    <ClInclude Include="Sources\aiva\utils\enum_utils.h" />
    <ClInclude Include="Sources\aiva\layer1\gr_texture_2d.h" />
    <ClInclude Include="Sources\aiva\layer1\i_gpu_resource.h" />
    <ClInclude Include="Sources\aiva\layer1\e_gpu_resource_memory_type.h" />
    <ClInclude Include="Sources\aiva\layer1\e_gpu_resource_buffer_format.h" />
    <ClInclude Include="Sources\aiva\layer1\gr_buffer.h" />
    <ClInclude Include="Sources\aiva\layer1\gr_buffer_desc.h" />
    <ClInclude Include="Sources\aiva\layer1\gr_texture_2d_desc.h" />
    <ClInclude Include="Sources\aiva\layer1\i_gpu_resource_view.h" />
    <ClInclude Include="Sources\aiva\utils\action_batcher.h" />
    <ClInclude Include="Sources\aiva\layer1\grv_rtv_to_texture_2d.h" />
    <ClInclude Include="Sources\aiva\layer1\grv_rtv_to_texture_2d_desc.h" />
    <ClInclude Include="Sources\aiva\layer1\grv_dsv_to_texture_2d_desc.h" />
    <ClInclude Include="Sources\aiva\layer1\grv_dsv_to_texture_2d.h" />
    <ClInclude Include="Sources\aiva\layer1\grv_srv_to_texture_2d_desc.h" />
    <ClInclude Include="Sources\aiva\layer1\grv_srv_to_texture_2d.h" />
    <ClInclude Include="Sources\aiva\layer1\grv_uav_to_texture_2d_desc.h" />
    <ClInclude Include="Sources\aiva\layer1\grv_uav_to_texture_2d.h" />
    <ClInclude Include="Sources\aiva\layer1\i_shader_value.h" />
    <ClInclude Include="Sources\aiva\layer1\t_shader_value.h" />
    <ClInclude Include="Sources\aiva\layer1\shader_struct.h" />
    <ClInclude Include="Sources\aiva\layer1\t_shader_array.h" />
    <ClInclude Include="Sources\aiva\layer1\shader_consts.h" />
    <ClInclude Include="Sources\aiva\utils\math_utils.h" />
    <ClInclude Include="Sources\aiva\layer1\shader_buffer.h" />
    <ClInclude Include="Sources\aiva\layer1\grv_cbv_to_buffer_desc.h" />
    <ClInclude Include="Sources\aiva\layer1\grv_cbv_to_buffer.h" />
    <ClInclude Include="Sources\aiva\layer1\grv_uav_to_buffer_desc.h" />
    <ClInclude Include="Sources\aiva\layer1\grv_uav_to_buffer.h" />
    <ClInclude Include="Sources\aiva\layer1\grv_srv_to_buffer_desc.h" />
    <ClInclude Include="Sources\aiva\layer1\grv_srv_to_buffer.h" />
    <ClInclude Include="Sources\aiva\layer1\e_gpu_descriptor_heap_type.h" />
    <ClInclude Include="Sources\aiva\layer1\shader_resource_descriptor.h" />
    <ClInclude Include="Sources\aiva\layer1\e_gpu_resource_view_type.h" />
    <ClInclude Include="Sources\aiva\layer1\ro_material_graphic.h" />
    <ClInclude Include="Sources\aiva\layer1\ro_shader_vertex.h" />
    <ClInclude Include="Sources\aiva\layer1\ro_shader_fragment.h" />
  </ItemGroup>
  <ItemGroup>
    <Image Include="Assets\Wide310x150Logo.scale-200.png">
      <Filter>Assets</Filter>
    </Image>
    <Image Include="Assets\StoreLogo.png">
      <Filter>Assets</Filter>
    </Image>
    <Image Include="Assets\Square150x150Logo.scale-200.png">
      <Filter>Assets</Filter>
    </Image>
    <Image Include="Assets\Square44x44Logo.targetsize-24_altform-unplated.png">
      <Filter>Assets</Filter>
    </Image>
    <Image Include="Assets\Square44x44Logo.scale-200.png">
      <Filter>Assets</Filter>
    </Image>
    <Image Include="Assets\SplashScreen.scale-200.png">
      <Filter>Assets</Filter>
    </Image>
    <Image Include="Assets\LockScreenLogo.scale-200.png">
      <Filter>Assets</Filter>
    </Image>
  </ItemGroup>
  <ItemGroup>
    <AppxManifest Include="Package.appxmanifest" />
  </ItemGroup>
  <ItemGroup>
    <Filter Include="Assets">
      <UniqueIdentifier>{db9086fe-bacc-4437-8272-1aa6642082db}</UniqueIdentifier>
    </Filter>
  </ItemGroup>
  <ItemGroup>
    <None Include="PropertySheet.props" />
    <None Include="packages.config" />
    <None Include="Assets\resources\materials\checker.mat_cs" />
    <None Include="Assets\resources\shaders\checker.hlsl_cs" />
    <None Include="demo_dx12_TemporaryKey.pfx" />
  </ItemGroup>
  <ItemGroup>
    <Text Include="readme.txt" />
  </ItemGroup>
</Project>